
Microsoft Visual Studio Solution File, Format Version 12.00
# Visual Studio Version 16
VisualStudioVersion = 16.0.32228.343
MinimumVisualStudioVersion = 10.0.40219.1
Project("{2150E333-8FDC-42A3-9474-1A3956D46DE8}") = "Sample", "Sample", "{3C3AAA37-9A4E-4843-A7B5-27E687462F0E}"
EndProject
Project("{FAE04EC0-301F-11D3-BF4B-00C04F79EFBC}") = "ConsoleApp0411", "Sample\ConsoleApp0411\ConsoleApp0411.csproj", "{3E987BD1-022C-42F0-8AE1-B61A68BD5CA4}"
EndProject
Project("{FAE04EC0-301F-11D3-BF4B-00C04F79EFBC}") = "WindowsFormsApp1", "Sample\WindowsFormsApp1\WindowsFormsApp1.csproj", "{7147408F-492C-4485-B6E2-B652FC4B7217}"
EndProject
Project("{FAE04EC0-301F-11D3-BF4B-00C04F79EFBC}") = "BallApp", "Sample\BallApp\BallApp.csproj", "{657C3513-3261-454D-ABE4-5B3B567A6647}"
EndProject
Project("{2150E333-8FDC-42A3-9474-1A3956D46DE8}") = "Chapter01", "Chapter01", "{38031EB0-4D25-4478-94B6-A017A4337877}"
EndProject
Project("{FAE04EC0-301F-11D3-BF4B-00C04F79EFBC}") = "ProductSample", "Chapter01\Product\ProductSample.csproj", "{425A9693-2196-416C-A5F3-8148592177C9}"
EndProject
Project("{2150E333-8FDC-42A3-9474-1A3956D46DE8}") = "Chapter02", "Chapter02", "{9F063D3B-FC42-4603-96B6-00EEBD3BCD54}"
EndProject
Project("{2150E333-8FDC-42A3-9474-1A3956D46DE8}") = "距離換算プログラム", "距離換算プログラム", "{E9A6C823-BAD6-4BA6-9705-74987E521ECE}"
EndProject
Project("{FAE04EC0-301F-11D3-BF4B-00C04F79EFBC}") = "DistanceConverter", "Chapter02\距離換算プログラム\DistanceConverter\DistanceConverter.csproj", "{BEBFD5E3-798A-42BE-8449-1959DF8BEC3F}"
EndProject
Project("{2150E333-8FDC-42A3-9474-1A3956D46DE8}") = "売上集計プログラム", "売上集計プログラム", "{486CC260-BAC1-40E8-80AF-4A44980718D7}"
EndProject
Project("{FAE04EC0-301F-11D3-BF4B-00C04F79EFBC}") = "SalesCalculator", "Chapter02\売上集計プログラム\SalesCalculator\SalesCalculator.csproj", "{DBD12807-7132-4C36-83A5-22AE1DBCC0F9}"
EndProject
Project("{2150E333-8FDC-42A3-9474-1A3956D46DE8}") = "演習問題", "演習問題", "{1EB2871E-420F-446D-BBD4-61EE0F35C232}"
EndProject
Project("{FAE04EC0-301F-11D3-BF4B-00C04F79EFBC}") = "Exercise01", "Chapter02\演習問題\Exercise01\Exercise01.csproj", "{1279D696-D71C-4C2B-B2D3-83001FB13FA4}"
EndProject
Project("{FAE04EC0-301F-11D3-BF4B-00C04F79EFBC}") = "Exercise02", "Chapter02\演習問題\Exercise02\Exercise02.csproj", "{4710CCE8-97E7-4695-B21A-2C24FC211127}"
EndProject
Project("{FAE04EC0-301F-11D3-BF4B-00C04F79EFBC}") = "Exercise03", "Chapter02\演習問題\Exercise\Exercise03.csproj", "{15145F6C-29E3-4C12-A7C0-259DF976BDB8}"
EndProject
Project("{2150E333-8FDC-42A3-9474-1A3956D46DE8}") = "Chapter03", "Chapter03", "{77633294-8F57-4B67-BB86-71E87BE9D55A}"
EndProject
Project("{FAE04EC0-301F-11D3-BF4B-00C04F79EFBC}") = "Section01", "Chapter03\Section01\Section01.csproj", "{5BF1AAFE-ABAC-449D-B49D-3DA715753739}"
EndProject
Project("{FAE04EC0-301F-11D3-BF4B-00C04F79EFBC}") = "Section03", "Chapter03\Section03\Section03.csproj", "{0AFEFB72-948D-4E15-A0F2-CECCA9129157}"
EndProject
Project("{FAE04EC0-301F-11D3-BF4B-00C04F79EFBC}") = "Section04", "Chapter03\Section04\Section04.csproj", "{7926D97C-8B08-4852-B967-5C656F6C3120}"
EndProject
Project("{2150E333-8FDC-42A3-9474-1A3956D46DE8}") = "演習問題", "演習問題", "{434110D2-FB7E-4311-9A28-4D47FF3EF43B}"
EndProject
Project("{FAE04EC0-301F-11D3-BF4B-00C04F79EFBC}") = "Exercise01", "Chapter03\演習問題\Exercise01\Exercise01.csproj", "{D9AA7F04-AA8D-4B80-A1C3-AA25E872D725}"
EndProject
Project("{FAE04EC0-301F-11D3-BF4B-00C04F79EFBC}") = "Exercise02", "Chapter03\演習問題\Exercise02\Exercise02.csproj", "{936216F4-2D39-433E-88F5-5F94EE8298D0}"
EndProject
Project("{2150E333-8FDC-42A3-9474-1A3956D46DE8}") = "Chapter04", "Chapter04", "{3DE1A11B-EC91-422F-A492-7125317CB939}"
EndProject
Project("{2150E333-8FDC-42A3-9474-1A3956D46DE8}") = "条件演算子 null合体演算子", "条件演算子 null合体演算子", "{81474E24-DEFF-4F57-86A2-1D22206376CC}"
EndProject
Project("{FAE04EC0-301F-11D3-BF4B-00C04F79EFBC}") = "Section04", "Chapter04\条件演算子 null合体演算子\Section04\Section04.csproj", "{F27B7520-3A6A-40FF-A324-1F999D6948C2}"
EndProject
Project("{2150E333-8FDC-42A3-9474-1A3956D46DE8}") = "TryParse", "TryParse", "{F3FCFABB-07F5-44CA-A96E-DD7EC1DED350}"
EndProject
Project("{FAE04EC0-301F-11D3-BF4B-00C04F79EFBC}") = "Section07", "Chapter04\TryParse\Section07\Section07.csproj", "{C580D4D7-57D8-40CF-9698-7CC785F24FE9}"
EndProject
Project("{2150E333-8FDC-42A3-9474-1A3956D46DE8}") = "演習問題", "演習問題", "{49939642-B28E-4A66-93EA-8E42E1EAFC1A}"
EndProject
Project("{FAE04EC0-301F-11D3-BF4B-00C04F79EFBC}") = "Exercise01", "Chapter04\演習問題\Exercise01\Exercise01.csproj", "{D37724FD-9A7B-439E-B558-37B2BC54FE01}"
EndProject
Project("{FAE04EC0-301F-11D3-BF4B-00C04F79EFBC}") = "Exercise02", "Chapter04\演習問題\Exercise02\Exercise02.csproj", "{29CDDB42-17F3-44B6-8BC2-FB861A814E12}"
EndProject
Project("{2150E333-8FDC-42A3-9474-1A3956D46DE8}") = "Chapter05", "Chapter05", "{744471B2-2820-4F48-A70E-AFF3356AA006}"
EndProject
Project("{2150E333-8FDC-42A3-9474-1A3956D46DE8}") = "演習問題", "演習問題", "{61BC3660-7937-45A4-9CE1-2E358637E9C9}"
EndProject
Project("{FAE04EC0-301F-11D3-BF4B-00C04F79EFBC}") = "Exercise01", "Chapter05\演習問題\Exercise01\Exercise01.csproj", "{A3D792DF-C169-45DA-AB42-0B77DCAC39CC}"
EndProject
Project("{FAE04EC0-301F-11D3-BF4B-00C04F79EFBC}") = "Exercise02", "Chapter05\演習問題\Exercise02\Exercise02.csproj", "{C491C062-6123-4DBE-8D5C-6975AE06849C}"
EndProject
Project("{FAE04EC0-301F-11D3-BF4B-00C04F79EFBC}") = "Exercise03", "Chapter05\演習問題\Exercise03\Exercise03.csproj", "{D5069CCA-E3D6-435D-B35F-140656AB815B}"
EndProject
Project("{FAE04EC0-301F-11D3-BF4B-00C04F79EFBC}") = "Exercise04", "Chapter05\演習問題\Exercise04\Exercise04.csproj", "{64F431B2-D432-40CA-8DEC-BBBFDDED4215}"
EndProject
Project("{2150E333-8FDC-42A3-9474-1A3956D46DE8}") = "Chapter06", "Chapter06", "{2B2E51B5-43BC-4C65-BB0A-0F8944D90D15}"
EndProject
Project("{FAE04EC0-301F-11D3-BF4B-00C04F79EFBC}") = "Section01", "Chapter06\Section01\Section01.csproj", "{F7331279-7898-450C-A062-9FEEEF5CF134}"
EndProject
Project("{FAE04EC0-301F-11D3-BF4B-00C04F79EFBC}") = "Section02", "Chapter06\Section02\Section02.csproj", "{12021501-E839-4BE2-8646-1EB239078E0F}"
EndProject
Project("{2150E333-8FDC-42A3-9474-1A3956D46DE8}") = "演習問題", "演習問題", "{1E7EDBC0-0291-4F74-A488-DD403C9FA81F}"
EndProject
Project("{FAE04EC0-301F-11D3-BF4B-00C04F79EFBC}") = "Exercise01", "Chapter06\演習問題\Exercise01\Exercise01.csproj", "{ECAEEB88-47EB-4E76-A9A9-7EE2A4302DD2}"
EndProject
Project("{FAE04EC0-301F-11D3-BF4B-00C04F79EFBC}") = "Exercise02", "Chapter06\演習問題\Exercise02\Exercise02.csproj", "{687A74B2-0B25-40CD-AA7C-4C3341CC5D09}"
EndProject
Project("{2150E333-8FDC-42A3-9474-1A3956D46DE8}") = "試験01", "試験01", "{4B60D43A-8099-4F03-A79C-899C6F5C7483}"
EndProject
Project("{FAE04EC0-301F-11D3-BF4B-00C04F79EFBC}") = "Test01", "TestProject\Test01\Test01.csproj", "{2BFACDC3-F44D-4199-8498-F5C3C4AC0335}"
EndProject
Project("{FAE04EC0-301F-11D3-BF4B-00C04F79EFBC}") = "Test02", "TestProject\Test02\Test02.csproj", "{E461C0A8-8900-485C-B520-E929BA33F712}"
EndProject
Project("{2150E333-8FDC-42A3-9474-1A3956D46DE8}") = "Chapter07", "Chapter07", "{6E8E4756-16E5-4346-88D0-1084BBF2D968}"
EndProject
Project("{FAE04EC0-301F-11D3-BF4B-00C04F79EFBC}") = "Section01", "Chapter07\Section01\Section01.csproj", "{7E1BDDE2-AC7D-462E-98E0-6A6307249B2A}"
EndProject
Project("{FAE04EC0-301F-11D3-BF4B-00C04F79EFBC}") = "Section02", "Chapter07\Section02\Section02.csproj", "{D92B526D-882B-4D7F-BDB4-964AF60DF13A}"
EndProject
Project("{FAE04EC0-301F-11D3-BF4B-00C04F79EFBC}") = "Section03", "Chapter07\Section03\Section03.csproj", "{1AA8F3C8-9EB1-4AAD-AC8A-557C01381417}"
EndProject
Project("{2150E333-8FDC-42A3-9474-1A3956D46DE8}") = "演習問題", "演習問題", "{EF179158-3B2F-4A82-BFFA-D64C461A4193}"
EndProject
Project("{FAE04EC0-301F-11D3-BF4B-00C04F79EFBC}") = "Exercise01", "Chapter07\演習問題\Exercise01\Exercise01.csproj", "{5BBBA048-0C06-42F6-811F-633C95B82091}"
EndProject
Project("{FAE04EC0-301F-11D3-BF4B-00C04F79EFBC}") = "Exercise02", "Chapter07\演習問題\Exercise02\Exercise02.csproj", "{F1FC56C2-6F73-47C8-8BA1-5CDEE628F785}"
EndProject
Project("{2150E333-8FDC-42A3-9474-1A3956D46DE8}") = "Chapter08", "Chapter08", "{C33A8135-065F-4913-9762-D399A84317A7}"
EndProject
Project("{2150E333-8FDC-42A3-9474-1A3956D46DE8}") = "演習問題", "演習問題", "{34F492CC-638E-4BE2-861D-A4B14B529366}"
EndProject
Project("{FAE04EC0-301F-11D3-BF4B-00C04F79EFBC}") = "Exercise01", "Chapter08\演習問題\Exercise01\Exercise01.csproj", "{4DB6D22E-15BE-4D03-8593-FDFB30DF9404}"
EndProject
Project("{FAE04EC0-301F-11D3-BF4B-00C04F79EFBC}") = "Exercise02", "Chapter08\演習問題\Exercise02\Exercise02.csproj", "{0A83A2F1-D06D-415B-9A5D-38EE16D06460}"
EndProject
Project("{FAE04EC0-301F-11D3-BF4B-00C04F79EFBC}") = "Exercise03", "Chapter08\演習問題\Exercise03\Exercise03.csproj", "{D614FA80-D264-4E2D-B07B-9515A14F9D1E}"
EndProject
Project("{2150E333-8FDC-42A3-9474-1A3956D46DE8}") = "フォームアプリケーション", "フォームアプリケーション", "{6BFC5110-B7AC-454E-A6FE-6CCE3705EC75}"
EndProject
Project("{FAE04EC0-301F-11D3-BF4B-00C04F79EFBC}") = "CalendarApp", "Chapter08\フォームアプリケーション\CalendarApp\CalendarApp.csproj", "{5888EEB3-6027-49FD-95D6-FB62E28A71C8}"
EndProject
Project("{2150E333-8FDC-42A3-9474-1A3956D46DE8}") = "FormApps", "FormApps", "{08415610-95FC-44E7-9AF8-FF8B90B9121A}"
EndProject
Project("{FAE04EC0-301F-11D3-BF4B-00C04F79EFBC}") = "CarReportSystem", "FormApps\CarReportSystem\CarReportSystem.csproj", "{CC489B80-F4B4-4EA4-99F4-FD984A3FE4BE}"
EndProject
Project("{2150E333-8FDC-42A3-9474-1A3956D46DE8}") = "Chapter13", "Chapter13", "{CB6EF486-EE6C-4339-B754-0BED1EE6733B}"
EndProject
Project("{FAE04EC0-301F-11D3-BF4B-00C04F79EFBC}") = "SampleEntityFramework", "Chapter13\SampleEntityFramework\SampleEntityFramework.csproj", "{8BD0EA1D-B589-4AF3-ABB4-E4E7A97034E6}"
EndProject
Project("{2150E333-8FDC-42A3-9474-1A3956D46DE8}") = "Chapter14", "Chapter14", "{D351A050-87DF-4A2D-BC04-6ACD84A894D9}"
EndProject
Project("{FAE04EC0-301F-11D3-BF4B-00C04F79EFBC}") = "Section01", "Chapter14\Section01\Section01.csproj", "{145C17EC-3C0A-44D3-B537-41F9175D3CDD}"
EndProject
Project("{FAE04EC0-301F-11D3-BF4B-00C04F79EFBC}") = "Section02", "Chapter14\Section02\Section02.csproj", "{89930F56-40E4-4546-A0BB-E2FB9F40DCF8}"
EndProject
Project("{FAE04EC0-301F-11D3-BF4B-00C04F79EFBC}") = "Section04", "Chapter14\Section04\Section04.csproj", "{3B4AF968-A60B-4685-8F55-D9AC9FCD09E9}"
EndProject
Project("{FAE04EC0-301F-11D3-BF4B-00C04F79EFBC}") = "RssReader", "\\172.16.42.1\学生\2023_情報システム\オブジェクト指向プログラミング\1004\RssReader\RssReader.csproj", "{114BA371-941C-4284-B775-C20CF170B969}"
EndProject
Project("{2150E333-8FDC-42A3-9474-1A3956D46DE8}") = "Chapter10", "Chapter10", "{0ABFC41C-133E-41BF-A45E-B7EB2F8DBF77}"
EndProject
Project("{FAE04EC0-301F-11D3-BF4B-00C04F79EFBC}") = "Section02", "Chapter10\Section02\Section02.csproj", "{A6A84E8D-D93F-444E-850A-F36605D7CA44}"
EndProject
Global
	GlobalSection(SolutionConfigurationPlatforms) = preSolution
		Debug|Any CPU = Debug|Any CPU
		Release|Any CPU = Release|Any CPU
	EndGlobalSection
	GlobalSection(ProjectConfigurationPlatforms) = postSolution
		{3E987BD1-022C-42F0-8AE1-B61A68BD5CA4}.Debug|Any CPU.ActiveCfg = Debug|Any CPU
		{3E987BD1-022C-42F0-8AE1-B61A68BD5CA4}.Debug|Any CPU.Build.0 = Debug|Any CPU
		{3E987BD1-022C-42F0-8AE1-B61A68BD5CA4}.Release|Any CPU.ActiveCfg = Release|Any CPU
		{3E987BD1-022C-42F0-8AE1-B61A68BD5CA4}.Release|Any CPU.Build.0 = Release|Any CPU
		{7147408F-492C-4485-B6E2-B652FC4B7217}.Debug|Any CPU.ActiveCfg = Debug|Any CPU
		{7147408F-492C-4485-B6E2-B652FC4B7217}.Debug|Any CPU.Build.0 = Debug|Any CPU
		{7147408F-492C-4485-B6E2-B652FC4B7217}.Release|Any CPU.ActiveCfg = Release|Any CPU
		{7147408F-492C-4485-B6E2-B652FC4B7217}.Release|Any CPU.Build.0 = Release|Any CPU
		{657C3513-3261-454D-ABE4-5B3B567A6647}.Debug|Any CPU.ActiveCfg = Debug|Any CPU
		{657C3513-3261-454D-ABE4-5B3B567A6647}.Debug|Any CPU.Build.0 = Debug|Any CPU
		{657C3513-3261-454D-ABE4-5B3B567A6647}.Release|Any CPU.ActiveCfg = Release|Any CPU
		{657C3513-3261-454D-ABE4-5B3B567A6647}.Release|Any CPU.Build.0 = Release|Any CPU
		{425A9693-2196-416C-A5F3-8148592177C9}.Debug|Any CPU.ActiveCfg = Debug|Any CPU
		{425A9693-2196-416C-A5F3-8148592177C9}.Debug|Any CPU.Build.0 = Debug|Any CPU
		{425A9693-2196-416C-A5F3-8148592177C9}.Release|Any CPU.ActiveCfg = Release|Any CPU
		{425A9693-2196-416C-A5F3-8148592177C9}.Release|Any CPU.Build.0 = Release|Any CPU
		{BEBFD5E3-798A-42BE-8449-1959DF8BEC3F}.Debug|Any CPU.ActiveCfg = Debug|Any CPU
		{BEBFD5E3-798A-42BE-8449-1959DF8BEC3F}.Debug|Any CPU.Build.0 = Debug|Any CPU
		{BEBFD5E3-798A-42BE-8449-1959DF8BEC3F}.Release|Any CPU.ActiveCfg = Release|Any CPU
		{BEBFD5E3-798A-42BE-8449-1959DF8BEC3F}.Release|Any CPU.Build.0 = Release|Any CPU
		{DBD12807-7132-4C36-83A5-22AE1DBCC0F9}.Debug|Any CPU.ActiveCfg = Debug|Any CPU
		{DBD12807-7132-4C36-83A5-22AE1DBCC0F9}.Debug|Any CPU.Build.0 = Debug|Any CPU
		{DBD12807-7132-4C36-83A5-22AE1DBCC0F9}.Release|Any CPU.ActiveCfg = Release|Any CPU
		{DBD12807-7132-4C36-83A5-22AE1DBCC0F9}.Release|Any CPU.Build.0 = Release|Any CPU
		{1279D696-D71C-4C2B-B2D3-83001FB13FA4}.Debug|Any CPU.ActiveCfg = Debug|Any CPU
		{1279D696-D71C-4C2B-B2D3-83001FB13FA4}.Debug|Any CPU.Build.0 = Debug|Any CPU
		{1279D696-D71C-4C2B-B2D3-83001FB13FA4}.Release|Any CPU.ActiveCfg = Release|Any CPU
		{1279D696-D71C-4C2B-B2D3-83001FB13FA4}.Release|Any CPU.Build.0 = Release|Any CPU
		{4710CCE8-97E7-4695-B21A-2C24FC211127}.Debug|Any CPU.ActiveCfg = Debug|Any CPU
		{4710CCE8-97E7-4695-B21A-2C24FC211127}.Debug|Any CPU.Build.0 = Debug|Any CPU
		{4710CCE8-97E7-4695-B21A-2C24FC211127}.Release|Any CPU.ActiveCfg = Release|Any CPU
		{4710CCE8-97E7-4695-B21A-2C24FC211127}.Release|Any CPU.Build.0 = Release|Any CPU
		{15145F6C-29E3-4C12-A7C0-259DF976BDB8}.Debug|Any CPU.ActiveCfg = Debug|Any CPU
		{15145F6C-29E3-4C12-A7C0-259DF976BDB8}.Debug|Any CPU.Build.0 = Debug|Any CPU
		{15145F6C-29E3-4C12-A7C0-259DF976BDB8}.Release|Any CPU.ActiveCfg = Release|Any CPU
		{15145F6C-29E3-4C12-A7C0-259DF976BDB8}.Release|Any CPU.Build.0 = Release|Any CPU
		{5BF1AAFE-ABAC-449D-B49D-3DA715753739}.Debug|Any CPU.ActiveCfg = Debug|Any CPU
		{5BF1AAFE-ABAC-449D-B49D-3DA715753739}.Debug|Any CPU.Build.0 = Debug|Any CPU
		{5BF1AAFE-ABAC-449D-B49D-3DA715753739}.Release|Any CPU.ActiveCfg = Release|Any CPU
		{5BF1AAFE-ABAC-449D-B49D-3DA715753739}.Release|Any CPU.Build.0 = Release|Any CPU
		{0AFEFB72-948D-4E15-A0F2-CECCA9129157}.Debug|Any CPU.ActiveCfg = Debug|Any CPU
		{0AFEFB72-948D-4E15-A0F2-CECCA9129157}.Debug|Any CPU.Build.0 = Debug|Any CPU
		{0AFEFB72-948D-4E15-A0F2-CECCA9129157}.Release|Any CPU.ActiveCfg = Release|Any CPU
		{0AFEFB72-948D-4E15-A0F2-CECCA9129157}.Release|Any CPU.Build.0 = Release|Any CPU
		{7926D97C-8B08-4852-B967-5C656F6C3120}.Debug|Any CPU.ActiveCfg = Debug|Any CPU
		{7926D97C-8B08-4852-B967-5C656F6C3120}.Debug|Any CPU.Build.0 = Debug|Any CPU
		{7926D97C-8B08-4852-B967-5C656F6C3120}.Release|Any CPU.ActiveCfg = Release|Any CPU
		{7926D97C-8B08-4852-B967-5C656F6C3120}.Release|Any CPU.Build.0 = Release|Any CPU
		{D9AA7F04-AA8D-4B80-A1C3-AA25E872D725}.Debug|Any CPU.ActiveCfg = Debug|Any CPU
		{D9AA7F04-AA8D-4B80-A1C3-AA25E872D725}.Debug|Any CPU.Build.0 = Debug|Any CPU
		{D9AA7F04-AA8D-4B80-A1C3-AA25E872D725}.Release|Any CPU.ActiveCfg = Release|Any CPU
		{D9AA7F04-AA8D-4B80-A1C3-AA25E872D725}.Release|Any CPU.Build.0 = Release|Any CPU
		{936216F4-2D39-433E-88F5-5F94EE8298D0}.Debug|Any CPU.ActiveCfg = Debug|Any CPU
		{936216F4-2D39-433E-88F5-5F94EE8298D0}.Debug|Any CPU.Build.0 = Debug|Any CPU
		{936216F4-2D39-433E-88F5-5F94EE8298D0}.Release|Any CPU.ActiveCfg = Release|Any CPU
		{936216F4-2D39-433E-88F5-5F94EE8298D0}.Release|Any CPU.Build.0 = Release|Any CPU
		{F27B7520-3A6A-40FF-A324-1F999D6948C2}.Debug|Any CPU.ActiveCfg = Debug|Any CPU
		{F27B7520-3A6A-40FF-A324-1F999D6948C2}.Debug|Any CPU.Build.0 = Debug|Any CPU
		{F27B7520-3A6A-40FF-A324-1F999D6948C2}.Release|Any CPU.ActiveCfg = Release|Any CPU
		{F27B7520-3A6A-40FF-A324-1F999D6948C2}.Release|Any CPU.Build.0 = Release|Any CPU
		{C580D4D7-57D8-40CF-9698-7CC785F24FE9}.Debug|Any CPU.ActiveCfg = Debug|Any CPU
		{C580D4D7-57D8-40CF-9698-7CC785F24FE9}.Debug|Any CPU.Build.0 = Debug|Any CPU
		{C580D4D7-57D8-40CF-9698-7CC785F24FE9}.Release|Any CPU.ActiveCfg = Release|Any CPU
		{C580D4D7-57D8-40CF-9698-7CC785F24FE9}.Release|Any CPU.Build.0 = Release|Any CPU
		{D37724FD-9A7B-439E-B558-37B2BC54FE01}.Debug|Any CPU.ActiveCfg = Debug|Any CPU
		{D37724FD-9A7B-439E-B558-37B2BC54FE01}.Debug|Any CPU.Build.0 = Debug|Any CPU
		{D37724FD-9A7B-439E-B558-37B2BC54FE01}.Release|Any CPU.ActiveCfg = Release|Any CPU
		{D37724FD-9A7B-439E-B558-37B2BC54FE01}.Release|Any CPU.Build.0 = Release|Any CPU
		{29CDDB42-17F3-44B6-8BC2-FB861A814E12}.Debug|Any CPU.ActiveCfg = Debug|Any CPU
		{29CDDB42-17F3-44B6-8BC2-FB861A814E12}.Debug|Any CPU.Build.0 = Debug|Any CPU
		{29CDDB42-17F3-44B6-8BC2-FB861A814E12}.Release|Any CPU.ActiveCfg = Release|Any CPU
		{29CDDB42-17F3-44B6-8BC2-FB861A814E12}.Release|Any CPU.Build.0 = Release|Any CPU
		{A3D792DF-C169-45DA-AB42-0B77DCAC39CC}.Debug|Any CPU.ActiveCfg = Debug|Any CPU
		{A3D792DF-C169-45DA-AB42-0B77DCAC39CC}.Debug|Any CPU.Build.0 = Debug|Any CPU
		{A3D792DF-C169-45DA-AB42-0B77DCAC39CC}.Release|Any CPU.ActiveCfg = Release|Any CPU
		{A3D792DF-C169-45DA-AB42-0B77DCAC39CC}.Release|Any CPU.Build.0 = Release|Any CPU
		{C491C062-6123-4DBE-8D5C-6975AE06849C}.Debug|Any CPU.ActiveCfg = Debug|Any CPU
		{C491C062-6123-4DBE-8D5C-6975AE06849C}.Debug|Any CPU.Build.0 = Debug|Any CPU
		{C491C062-6123-4DBE-8D5C-6975AE06849C}.Release|Any CPU.ActiveCfg = Release|Any CPU
		{C491C062-6123-4DBE-8D5C-6975AE06849C}.Release|Any CPU.Build.0 = Release|Any CPU
		{D5069CCA-E3D6-435D-B35F-140656AB815B}.Debug|Any CPU.ActiveCfg = Debug|Any CPU
		{D5069CCA-E3D6-435D-B35F-140656AB815B}.Debug|Any CPU.Build.0 = Debug|Any CPU
		{D5069CCA-E3D6-435D-B35F-140656AB815B}.Release|Any CPU.ActiveCfg = Release|Any CPU
		{D5069CCA-E3D6-435D-B35F-140656AB815B}.Release|Any CPU.Build.0 = Release|Any CPU
		{64F431B2-D432-40CA-8DEC-BBBFDDED4215}.Debug|Any CPU.ActiveCfg = Debug|Any CPU
		{64F431B2-D432-40CA-8DEC-BBBFDDED4215}.Debug|Any CPU.Build.0 = Debug|Any CPU
		{64F431B2-D432-40CA-8DEC-BBBFDDED4215}.Release|Any CPU.ActiveCfg = Release|Any CPU
		{64F431B2-D432-40CA-8DEC-BBBFDDED4215}.Release|Any CPU.Build.0 = Release|Any CPU
		{F7331279-7898-450C-A062-9FEEEF5CF134}.Debug|Any CPU.ActiveCfg = Debug|Any CPU
		{F7331279-7898-450C-A062-9FEEEF5CF134}.Debug|Any CPU.Build.0 = Debug|Any CPU
		{F7331279-7898-450C-A062-9FEEEF5CF134}.Release|Any CPU.ActiveCfg = Release|Any CPU
		{F7331279-7898-450C-A062-9FEEEF5CF134}.Release|Any CPU.Build.0 = Release|Any CPU
		{12021501-E839-4BE2-8646-1EB239078E0F}.Debug|Any CPU.ActiveCfg = Debug|Any CPU
		{12021501-E839-4BE2-8646-1EB239078E0F}.Debug|Any CPU.Build.0 = Debug|Any CPU
		{12021501-E839-4BE2-8646-1EB239078E0F}.Release|Any CPU.ActiveCfg = Release|Any CPU
		{12021501-E839-4BE2-8646-1EB239078E0F}.Release|Any CPU.Build.0 = Release|Any CPU
		{ECAEEB88-47EB-4E76-A9A9-7EE2A4302DD2}.Debug|Any CPU.ActiveCfg = Debug|Any CPU
		{ECAEEB88-47EB-4E76-A9A9-7EE2A4302DD2}.Debug|Any CPU.Build.0 = Debug|Any CPU
		{ECAEEB88-47EB-4E76-A9A9-7EE2A4302DD2}.Release|Any CPU.ActiveCfg = Release|Any CPU
		{ECAEEB88-47EB-4E76-A9A9-7EE2A4302DD2}.Release|Any CPU.Build.0 = Release|Any CPU
		{687A74B2-0B25-40CD-AA7C-4C3341CC5D09}.Debug|Any CPU.ActiveCfg = Debug|Any CPU
		{687A74B2-0B25-40CD-AA7C-4C3341CC5D09}.Debug|Any CPU.Build.0 = Debug|Any CPU
		{687A74B2-0B25-40CD-AA7C-4C3341CC5D09}.Release|Any CPU.ActiveCfg = Release|Any CPU
		{687A74B2-0B25-40CD-AA7C-4C3341CC5D09}.Release|Any CPU.Build.0 = Release|Any CPU
		{2BFACDC3-F44D-4199-8498-F5C3C4AC0335}.Debug|Any CPU.ActiveCfg = Debug|Any CPU
		{2BFACDC3-F44D-4199-8498-F5C3C4AC0335}.Debug|Any CPU.Build.0 = Debug|Any CPU
		{2BFACDC3-F44D-4199-8498-F5C3C4AC0335}.Release|Any CPU.ActiveCfg = Release|Any CPU
		{2BFACDC3-F44D-4199-8498-F5C3C4AC0335}.Release|Any CPU.Build.0 = Release|Any CPU
		{E461C0A8-8900-485C-B520-E929BA33F712}.Debug|Any CPU.ActiveCfg = Debug|Any CPU
		{E461C0A8-8900-485C-B520-E929BA33F712}.Debug|Any CPU.Build.0 = Debug|Any CPU
		{E461C0A8-8900-485C-B520-E929BA33F712}.Release|Any CPU.ActiveCfg = Release|Any CPU
		{E461C0A8-8900-485C-B520-E929BA33F712}.Release|Any CPU.Build.0 = Release|Any CPU
		{7E1BDDE2-AC7D-462E-98E0-6A6307249B2A}.Debug|Any CPU.ActiveCfg = Debug|Any CPU
		{7E1BDDE2-AC7D-462E-98E0-6A6307249B2A}.Debug|Any CPU.Build.0 = Debug|Any CPU
		{7E1BDDE2-AC7D-462E-98E0-6A6307249B2A}.Release|Any CPU.ActiveCfg = Release|Any CPU
		{7E1BDDE2-AC7D-462E-98E0-6A6307249B2A}.Release|Any CPU.Build.0 = Release|Any CPU
		{D92B526D-882B-4D7F-BDB4-964AF60DF13A}.Debug|Any CPU.ActiveCfg = Debug|Any CPU
		{D92B526D-882B-4D7F-BDB4-964AF60DF13A}.Debug|Any CPU.Build.0 = Debug|Any CPU
		{D92B526D-882B-4D7F-BDB4-964AF60DF13A}.Release|Any CPU.ActiveCfg = Release|Any CPU
		{D92B526D-882B-4D7F-BDB4-964AF60DF13A}.Release|Any CPU.Build.0 = Release|Any CPU
		{1AA8F3C8-9EB1-4AAD-AC8A-557C01381417}.Debug|Any CPU.ActiveCfg = Debug|Any CPU
		{1AA8F3C8-9EB1-4AAD-AC8A-557C01381417}.Debug|Any CPU.Build.0 = Debug|Any CPU
		{1AA8F3C8-9EB1-4AAD-AC8A-557C01381417}.Release|Any CPU.ActiveCfg = Release|Any CPU
		{1AA8F3C8-9EB1-4AAD-AC8A-557C01381417}.Release|Any CPU.Build.0 = Release|Any CPU
		{5BBBA048-0C06-42F6-811F-633C95B82091}.Debug|Any CPU.ActiveCfg = Debug|Any CPU
		{5BBBA048-0C06-42F6-811F-633C95B82091}.Debug|Any CPU.Build.0 = Debug|Any CPU
		{5BBBA048-0C06-42F6-811F-633C95B82091}.Release|Any CPU.ActiveCfg = Release|Any CPU
		{5BBBA048-0C06-42F6-811F-633C95B82091}.Release|Any CPU.Build.0 = Release|Any CPU
		{F1FC56C2-6F73-47C8-8BA1-5CDEE628F785}.Debug|Any CPU.ActiveCfg = Debug|Any CPU
		{F1FC56C2-6F73-47C8-8BA1-5CDEE628F785}.Debug|Any CPU.Build.0 = Debug|Any CPU
		{F1FC56C2-6F73-47C8-8BA1-5CDEE628F785}.Release|Any CPU.ActiveCfg = Release|Any CPU
		{F1FC56C2-6F73-47C8-8BA1-5CDEE628F785}.Release|Any CPU.Build.0 = Release|Any CPU
		{4DB6D22E-15BE-4D03-8593-FDFB30DF9404}.Debug|Any CPU.ActiveCfg = Debug|Any CPU
		{4DB6D22E-15BE-4D03-8593-FDFB30DF9404}.Debug|Any CPU.Build.0 = Debug|Any CPU
		{4DB6D22E-15BE-4D03-8593-FDFB30DF9404}.Release|Any CPU.ActiveCfg = Release|Any CPU
		{4DB6D22E-15BE-4D03-8593-FDFB30DF9404}.Release|Any CPU.Build.0 = Release|Any CPU
		{0A83A2F1-D06D-415B-9A5D-38EE16D06460}.Debug|Any CPU.ActiveCfg = Debug|Any CPU
		{0A83A2F1-D06D-415B-9A5D-38EE16D06460}.Debug|Any CPU.Build.0 = Debug|Any CPU
		{0A83A2F1-D06D-415B-9A5D-38EE16D06460}.Release|Any CPU.ActiveCfg = Release|Any CPU
		{0A83A2F1-D06D-415B-9A5D-38EE16D06460}.Release|Any CPU.Build.0 = Release|Any CPU
		{D614FA80-D264-4E2D-B07B-9515A14F9D1E}.Debug|Any CPU.ActiveCfg = Debug|Any CPU
		{D614FA80-D264-4E2D-B07B-9515A14F9D1E}.Debug|Any CPU.Build.0 = Debug|Any CPU
		{D614FA80-D264-4E2D-B07B-9515A14F9D1E}.Release|Any CPU.ActiveCfg = Release|Any CPU
		{D614FA80-D264-4E2D-B07B-9515A14F9D1E}.Release|Any CPU.Build.0 = Release|Any CPU
		{5888EEB3-6027-49FD-95D6-FB62E28A71C8}.Debug|Any CPU.ActiveCfg = Debug|Any CPU
		{5888EEB3-6027-49FD-95D6-FB62E28A71C8}.Debug|Any CPU.Build.0 = Debug|Any CPU
		{5888EEB3-6027-49FD-95D6-FB62E28A71C8}.Release|Any CPU.ActiveCfg = Release|Any CPU
		{5888EEB3-6027-49FD-95D6-FB62E28A71C8}.Release|Any CPU.Build.0 = Release|Any CPU
		{CC489B80-F4B4-4EA4-99F4-FD984A3FE4BE}.Debug|Any CPU.ActiveCfg = Debug|Any CPU
		{CC489B80-F4B4-4EA4-99F4-FD984A3FE4BE}.Debug|Any CPU.Build.0 = Debug|Any CPU
		{CC489B80-F4B4-4EA4-99F4-FD984A3FE4BE}.Release|Any CPU.ActiveCfg = Release|Any CPU
		{CC489B80-F4B4-4EA4-99F4-FD984A3FE4BE}.Release|Any CPU.Build.0 = Release|Any CPU
		{8BD0EA1D-B589-4AF3-ABB4-E4E7A97034E6}.Debug|Any CPU.ActiveCfg = Debug|Any CPU
		{8BD0EA1D-B589-4AF3-ABB4-E4E7A97034E6}.Debug|Any CPU.Build.0 = Debug|Any CPU
		{8BD0EA1D-B589-4AF3-ABB4-E4E7A97034E6}.Release|Any CPU.ActiveCfg = Release|Any CPU
		{8BD0EA1D-B589-4AF3-ABB4-E4E7A97034E6}.Release|Any CPU.Build.0 = Release|Any CPU
		{145C17EC-3C0A-44D3-B537-41F9175D3CDD}.Debug|Any CPU.ActiveCfg = Debug|Any CPU
		{145C17EC-3C0A-44D3-B537-41F9175D3CDD}.Debug|Any CPU.Build.0 = Debug|Any CPU
		{145C17EC-3C0A-44D3-B537-41F9175D3CDD}.Release|Any CPU.ActiveCfg = Release|Any CPU
		{145C17EC-3C0A-44D3-B537-41F9175D3CDD}.Release|Any CPU.Build.0 = Release|Any CPU
		{89930F56-40E4-4546-A0BB-E2FB9F40DCF8}.Debug|Any CPU.ActiveCfg = Debug|Any CPU
		{89930F56-40E4-4546-A0BB-E2FB9F40DCF8}.Debug|Any CPU.Build.0 = Debug|Any CPU
		{89930F56-40E4-4546-A0BB-E2FB9F40DCF8}.Release|Any CPU.ActiveCfg = Release|Any CPU
		{89930F56-40E4-4546-A0BB-E2FB9F40DCF8}.Release|Any CPU.Build.0 = Release|Any CPU
		{3B4AF968-A60B-4685-8F55-D9AC9FCD09E9}.Debug|Any CPU.ActiveCfg = Debug|Any CPU
		{3B4AF968-A60B-4685-8F55-D9AC9FCD09E9}.Debug|Any CPU.Build.0 = Debug|Any CPU
		{3B4AF968-A60B-4685-8F55-D9AC9FCD09E9}.Release|Any CPU.ActiveCfg = Release|Any CPU
		{3B4AF968-A60B-4685-8F55-D9AC9FCD09E9}.Release|Any CPU.Build.0 = Release|Any CPU
		{114BA371-941C-4284-B775-C20CF170B969}.Debug|Any CPU.ActiveCfg = Debug|Any CPU
		{114BA371-941C-4284-B775-C20CF170B969}.Debug|Any CPU.Build.0 = Debug|Any CPU
		{114BA371-941C-4284-B775-C20CF170B969}.Release|Any CPU.ActiveCfg = Release|Any CPU
		{114BA371-941C-4284-B775-C20CF170B969}.Release|Any CPU.Build.0 = Release|Any CPU
		{A6A84E8D-D93F-444E-850A-F36605D7CA44}.Debug|Any CPU.ActiveCfg = Debug|Any CPU
		{A6A84E8D-D93F-444E-850A-F36605D7CA44}.Debug|Any CPU.Build.0 = Debug|Any CPU
		{A6A84E8D-D93F-444E-850A-F36605D7CA44}.Release|Any CPU.ActiveCfg = Release|Any CPU
		{A6A84E8D-D93F-444E-850A-F36605D7CA44}.Release|Any CPU.Build.0 = Release|Any CPU
	EndGlobalSection
	GlobalSection(SolutionProperties) = preSolution
		HideSolutionNode = FALSE
	EndGlobalSection
	GlobalSection(NestedProjects) = preSolution
		{3E987BD1-022C-42F0-8AE1-B61A68BD5CA4} = {3C3AAA37-9A4E-4843-A7B5-27E687462F0E}
		{7147408F-492C-4485-B6E2-B652FC4B7217} = {3C3AAA37-9A4E-4843-A7B5-27E687462F0E}
		{657C3513-3261-454D-ABE4-5B3B567A6647} = {3C3AAA37-9A4E-4843-A7B5-27E687462F0E}
		{425A9693-2196-416C-A5F3-8148592177C9} = {38031EB0-4D25-4478-94B6-A017A4337877}
		{E9A6C823-BAD6-4BA6-9705-74987E521ECE} = {9F063D3B-FC42-4603-96B6-00EEBD3BCD54}
		{BEBFD5E3-798A-42BE-8449-1959DF8BEC3F} = {E9A6C823-BAD6-4BA6-9705-74987E521ECE}
		{486CC260-BAC1-40E8-80AF-4A44980718D7} = {9F063D3B-FC42-4603-96B6-00EEBD3BCD54}
		{DBD12807-7132-4C36-83A5-22AE1DBCC0F9} = {486CC260-BAC1-40E8-80AF-4A44980718D7}
		{1EB2871E-420F-446D-BBD4-61EE0F35C232} = {9F063D3B-FC42-4603-96B6-00EEBD3BCD54}
		{1279D696-D71C-4C2B-B2D3-83001FB13FA4} = {1EB2871E-420F-446D-BBD4-61EE0F35C232}
		{4710CCE8-97E7-4695-B21A-2C24FC211127} = {1EB2871E-420F-446D-BBD4-61EE0F35C232}
		{15145F6C-29E3-4C12-A7C0-259DF976BDB8} = {1EB2871E-420F-446D-BBD4-61EE0F35C232}
		{5BF1AAFE-ABAC-449D-B49D-3DA715753739} = {77633294-8F57-4B67-BB86-71E87BE9D55A}
		{0AFEFB72-948D-4E15-A0F2-CECCA9129157} = {77633294-8F57-4B67-BB86-71E87BE9D55A}
		{7926D97C-8B08-4852-B967-5C656F6C3120} = {77633294-8F57-4B67-BB86-71E87BE9D55A}
		{434110D2-FB7E-4311-9A28-4D47FF3EF43B} = {77633294-8F57-4B67-BB86-71E87BE9D55A}
		{D9AA7F04-AA8D-4B80-A1C3-AA25E872D725} = {434110D2-FB7E-4311-9A28-4D47FF3EF43B}
		{936216F4-2D39-433E-88F5-5F94EE8298D0} = {434110D2-FB7E-4311-9A28-4D47FF3EF43B}
		{81474E24-DEFF-4F57-86A2-1D22206376CC} = {3DE1A11B-EC91-422F-A492-7125317CB939}
		{F27B7520-3A6A-40FF-A324-1F999D6948C2} = {81474E24-DEFF-4F57-86A2-1D22206376CC}
		{F3FCFABB-07F5-44CA-A96E-DD7EC1DED350} = {3DE1A11B-EC91-422F-A492-7125317CB939}
		{C580D4D7-57D8-40CF-9698-7CC785F24FE9} = {F3FCFABB-07F5-44CA-A96E-DD7EC1DED350}
		{49939642-B28E-4A66-93EA-8E42E1EAFC1A} = {3DE1A11B-EC91-422F-A492-7125317CB939}
		{D37724FD-9A7B-439E-B558-37B2BC54FE01} = {49939642-B28E-4A66-93EA-8E42E1EAFC1A}
		{29CDDB42-17F3-44B6-8BC2-FB861A814E12} = {49939642-B28E-4A66-93EA-8E42E1EAFC1A}
		{61BC3660-7937-45A4-9CE1-2E358637E9C9} = {744471B2-2820-4F48-A70E-AFF3356AA006}
		{A3D792DF-C169-45DA-AB42-0B77DCAC39CC} = {61BC3660-7937-45A4-9CE1-2E358637E9C9}
		{C491C062-6123-4DBE-8D5C-6975AE06849C} = {61BC3660-7937-45A4-9CE1-2E358637E9C9}
		{D5069CCA-E3D6-435D-B35F-140656AB815B} = {61BC3660-7937-45A4-9CE1-2E358637E9C9}
		{64F431B2-D432-40CA-8DEC-BBBFDDED4215} = {61BC3660-7937-45A4-9CE1-2E358637E9C9}
		{F7331279-7898-450C-A062-9FEEEF5CF134} = {2B2E51B5-43BC-4C65-BB0A-0F8944D90D15}
		{12021501-E839-4BE2-8646-1EB239078E0F} = {2B2E51B5-43BC-4C65-BB0A-0F8944D90D15}
		{1E7EDBC0-0291-4F74-A488-DD403C9FA81F} = {2B2E51B5-43BC-4C65-BB0A-0F8944D90D15}
		{ECAEEB88-47EB-4E76-A9A9-7EE2A4302DD2} = {1E7EDBC0-0291-4F74-A488-DD403C9FA81F}
		{687A74B2-0B25-40CD-AA7C-4C3341CC5D09} = {1E7EDBC0-0291-4F74-A488-DD403C9FA81F}
		{2BFACDC3-F44D-4199-8498-F5C3C4AC0335} = {4B60D43A-8099-4F03-A79C-899C6F5C7483}
		{E461C0A8-8900-485C-B520-E929BA33F712} = {4B60D43A-8099-4F03-A79C-899C6F5C7483}
		{7E1BDDE2-AC7D-462E-98E0-6A6307249B2A} = {6E8E4756-16E5-4346-88D0-1084BBF2D968}
		{D92B526D-882B-4D7F-BDB4-964AF60DF13A} = {6E8E4756-16E5-4346-88D0-1084BBF2D968}
		{1AA8F3C8-9EB1-4AAD-AC8A-557C01381417} = {6E8E4756-16E5-4346-88D0-1084BBF2D968}
		{EF179158-3B2F-4A82-BFFA-D64C461A4193} = {6E8E4756-16E5-4346-88D0-1084BBF2D968}
		{5BBBA048-0C06-42F6-811F-633C95B82091} = {EF179158-3B2F-4A82-BFFA-D64C461A4193}
		{F1FC56C2-6F73-47C8-8BA1-5CDEE628F785} = {EF179158-3B2F-4A82-BFFA-D64C461A4193}
		{34F492CC-638E-4BE2-861D-A4B14B529366} = {C33A8135-065F-4913-9762-D399A84317A7}
		{4DB6D22E-15BE-4D03-8593-FDFB30DF9404} = {34F492CC-638E-4BE2-861D-A4B14B529366}
		{0A83A2F1-D06D-415B-9A5D-38EE16D06460} = {34F492CC-638E-4BE2-861D-A4B14B529366}
		{D614FA80-D264-4E2D-B07B-9515A14F9D1E} = {34F492CC-638E-4BE2-861D-A4B14B529366}
		{6BFC5110-B7AC-454E-A6FE-6CCE3705EC75} = {C33A8135-065F-4913-9762-D399A84317A7}
		{5888EEB3-6027-49FD-95D6-FB62E28A71C8} = {6BFC5110-B7AC-454E-A6FE-6CCE3705EC75}
		{CC489B80-F4B4-4EA4-99F4-FD984A3FE4BE} = {08415610-95FC-44E7-9AF8-FF8B90B9121A}
		{8BD0EA1D-B589-4AF3-ABB4-E4E7A97034E6} = {CB6EF486-EE6C-4339-B754-0BED1EE6733B}
		{145C17EC-3C0A-44D3-B537-41F9175D3CDD} = {D351A050-87DF-4A2D-BC04-6ACD84A894D9}
		{89930F56-40E4-4546-A0BB-E2FB9F40DCF8} = {D351A050-87DF-4A2D-BC04-6ACD84A894D9}
		{3B4AF968-A60B-4685-8F55-D9AC9FCD09E9} = {D351A050-87DF-4A2D-BC04-6ACD84A894D9}
		{114BA371-941C-4284-B775-C20CF170B969} = {08415610-95FC-44E7-9AF8-FF8B90B9121A}
		{A6A84E8D-D93F-444E-850A-F36605D7CA44} = {0ABFC41C-133E-41BF-A45E-B7EB2F8DBF77}
	EndGlobalSection
	GlobalSection(ExtensibilityGlobals) = postSolution
		SolutionGuid = {51BF56B0-BC85-4950-B171-D571B8660A38}
	EndGlobalSection
EndGlobal
