
Microsoft Visual Studio Solution File, Format Version 12.00
# Visual Studio Version 16
VisualStudioVersion = 16.0.32228.343
MinimumVisualStudioVersion = 10.0.40219.1
Project("{2150E333-8FDC-42A3-9474-1A3956D46DE8}") = "Sample", "Sample", "{3C3AAA37-9A4E-4843-A7B5-27E687462F0E}"
EndProject
Project("{FAE04EC0-301F-11D3-BF4B-00C04F79EFBC}") = "ConsoleApp0411", "Sample\ConsoleApp0411\ConsoleApp0411.csproj", "{3E987BD1-022C-42F0-8AE1-B61A68BD5CA4}"
EndProject
Project("{FAE04EC0-301F-11D3-BF4B-00C04F79EFBC}") = "WindowsFormsApp1", "Sample\WindowsFormsApp1\WindowsFormsApp1.csproj", "{7147408F-492C-4485-B6E2-B652FC4B7217}"
EndProject
Project("{FAE04EC0-301F-11D3-BF4B-00C04F79EFBC}") = "BallApp", "Sample\BallApp\BallApp.csproj", "{657C3513-3261-454D-ABE4-5B3B567A6647}"
EndProject
Project("{2150E333-8FDC-42A3-9474-1A3956D46DE8}") = "Chapter01", "Chapter01", "{38031EB0-4D25-4478-94B6-A017A4337877}"
EndProject
Project("{FAE04EC0-301F-11D3-BF4B-00C04F79EFBC}") = "ProductSample", "Chapter01\Product\ProductSample.csproj", "{425A9693-2196-416C-A5F3-8148592177C9}"
EndProject
Project("{2150E333-8FDC-42A3-9474-1A3956D46DE8}") = "Chapter02", "Chapter02", "{9F063D3B-FC42-4603-96B6-00EEBD3BCD54}"
EndProject
Project("{2150E333-8FDC-42A3-9474-1A3956D46DE8}") = "距離換算プログラム", "距離換算プログラム", "{E9A6C823-BAD6-4BA6-9705-74987E521ECE}"
EndProject
Project("{FAE04EC0-301F-11D3-BF4B-00C04F79EFBC}") = "DistanceConverter", "Chapter02\距離換算プログラム\DistanceConverter\DistanceConverter.csproj", "{BEBFD5E3-798A-42BE-8449-1959DF8BEC3F}"
EndProject
Project("{2150E333-8FDC-42A3-9474-1A3956D46DE8}") = "売上集計プログラム", "売上集計プログラム", "{486CC260-BAC1-40E8-80AF-4A44980718D7}"
EndProject
Project("{FAE04EC0-301F-11D3-BF4B-00C04F79EFBC}") = "SalesCalculator", "Chapter02\売上集計プログラム\SalesCalculator\SalesCalculator.csproj", "{DBD12807-7132-4C36-83A5-22AE1DBCC0F9}"
EndProject
Project("{2150E333-8FDC-42A3-9474-1A3956D46DE8}") = "演習問題", "演習問題", "{1EB2871E-420F-446D-BBD4-61EE0F35C232}"
EndProject
Project("{FAE04EC0-301F-11D3-BF4B-00C04F79EFBC}") = "Exercise01", "Chapter02\演習問題\Exercise01\Exercise01.csproj", "{1279D696-D71C-4C2B-B2D3-83001FB13FA4}"
EndProject
Project("{FAE04EC0-301F-11D3-BF4B-00C04F79EFBC}") = "Exercise02", "Chapter02\演習問題\Exercise02\Exercise02.csproj", "{4710CCE8-97E7-4695-B21A-2C24FC211127}"
EndProject
Project("{FAE04EC0-301F-11D3-BF4B-00C04F79EFBC}") = "Exercise03", "Chapter02\演習問題\Exercise\Exercise03.csproj", "{15145F6C-29E3-4C12-A7C0-259DF976BDB8}"
EndProject
Project("{2150E333-8FDC-42A3-9474-1A3956D46DE8}") = "Chapter03", "Chapter03", "{77633294-8F57-4B67-BB86-71E87BE9D55A}"
EndProject
Project("{FAE04EC0-301F-11D3-BF4B-00C04F79EFBC}") = "Section01", "Chapter03\Section01\Section01.csproj", "{5BF1AAFE-ABAC-449D-B49D-3DA715753739}"
EndProject
Project("{FAE04EC0-301F-11D3-BF4B-00C04F79EFBC}") = "Section03", "Chapter03\Section03\Section03.csproj", "{0AFEFB72-948D-4E15-A0F2-CECCA9129157}"
EndProject
Project("{FAE04EC0-301F-11D3-BF4B-00C04F79EFBC}") = "Section04", "Chapter03\Section04\Section04.csproj", "{7926D97C-8B08-4852-B967-5C656F6C3120}"
EndProject
Project("{2150E333-8FDC-42A3-9474-1A3956D46DE8}") = "演習問題", "演習問題", "{434110D2-FB7E-4311-9A28-4D47FF3EF43B}"
EndProject
Project("{FAE04EC0-301F-11D3-BF4B-00C04F79EFBC}") = "Exercise01", "Chapter03\演習問題\Exercise01\Exercise01.csproj", "{D9AA7F04-AA8D-4B80-A1C3-AA25E872D725}"
EndProject
Project("{FAE04EC0-301F-11D3-BF4B-00C04F79EFBC}") = "Exercise02", "Chapter03\演習問題\Exercise02\Exercise02.csproj", "{936216F4-2D39-433E-88F5-5F94EE8298D0}"
EndProject
Project("{2150E333-8FDC-42A3-9474-1A3956D46DE8}") = "Chapter04", "Chapter04", "{3DE1A11B-EC91-422F-A492-7125317CB939}"
EndProject
Project("{2150E333-8FDC-42A3-9474-1A3956D46DE8}") = "条件演算子 null合体演算子", "条件演算子 null合体演算子", "{81474E24-DEFF-4F57-86A2-1D22206376CC}"
EndProject
Project("{FAE04EC0-301F-11D3-BF4B-00C04F79EFBC}") = "Section04", "Chapter04\条件演算子 null合体演算子\Section04\Section04.csproj", "{F27B7520-3A6A-40FF-A324-1F999D6948C2}"
EndProject
Project("{2150E333-8FDC-42A3-9474-1A3956D46DE8}") = "TryParse", "TryParse", "{F3FCFABB-07F5-44CA-A96E-DD7EC1DED350}"
EndProject
Project("{FAE04EC0-301F-11D3-BF4B-00C04F79EFBC}") = "Section07", "Chapter04\TryParse\Section07\Section07.csproj", "{C580D4D7-57D8-40CF-9698-7CC785F24FE9}"
EndProject
Project("{2150E333-8FDC-42A3-9474-1A3956D46DE8}") = "演習問題", "演習問題", "{49939642-B28E-4A66-93EA-8E42E1EAFC1A}"
EndProject
Project("{FAE04EC0-301F-11D3-BF4B-00C04F79EFBC}") = "Exercise01", "Chapter04\演習問題\Exercise01\Exercise01.csproj", "{D37724FD-9A7B-439E-B558-37B2BC54FE01}"
EndProject
Project("{FAE04EC0-301F-11D3-BF4B-00C04F79EFBC}") = "Exercise02", "Chapter04\演習問題\Exercise02\Exercise02.csproj", "{29CDDB42-17F3-44B6-8BC2-FB861A814E12}"
EndProject
Global
	GlobalSection(SolutionConfigurationPlatforms) = preSolution
		Debug|Any CPU = Debug|Any CPU
		Release|Any CPU = Release|Any CPU
	EndGlobalSection
	GlobalSection(ProjectConfigurationPlatforms) = postSolution
		{3E987BD1-022C-42F0-8AE1-B61A68BD5CA4}.Debug|Any CPU.ActiveCfg = Debug|Any CPU
		{3E987BD1-022C-42F0-8AE1-B61A68BD5CA4}.Debug|Any CPU.Build.0 = Debug|Any CPU
		{3E987BD1-022C-42F0-8AE1-B61A68BD5CA4}.Release|Any CPU.ActiveCfg = Release|Any CPU
		{3E987BD1-022C-42F0-8AE1-B61A68BD5CA4}.Release|Any CPU.Build.0 = Release|Any CPU
		{7147408F-492C-4485-B6E2-B652FC4B7217}.Debug|Any CPU.ActiveCfg = Debug|Any CPU
		{7147408F-492C-4485-B6E2-B652FC4B7217}.Debug|Any CPU.Build.0 = Debug|Any CPU
		{7147408F-492C-4485-B6E2-B652FC4B7217}.Release|Any CPU.ActiveCfg = Release|Any CPU
		{7147408F-492C-4485-B6E2-B652FC4B7217}.Release|Any CPU.Build.0 = Release|Any CPU
		{657C3513-3261-454D-ABE4-5B3B567A6647}.Debug|Any CPU.ActiveCfg = Debug|Any CPU
		{657C3513-3261-454D-ABE4-5B3B567A6647}.Debug|Any CPU.Build.0 = Debug|Any CPU
		{657C3513-3261-454D-ABE4-5B3B567A6647}.Release|Any CPU.ActiveCfg = Release|Any CPU
		{657C3513-3261-454D-ABE4-5B3B567A6647}.Release|Any CPU.Build.0 = Release|Any CPU
		{425A9693-2196-416C-A5F3-8148592177C9}.Debug|Any CPU.ActiveCfg = Debug|Any CPU
		{425A9693-2196-416C-A5F3-8148592177C9}.Debug|Any CPU.Build.0 = Debug|Any CPU
		{425A9693-2196-416C-A5F3-8148592177C9}.Release|Any CPU.ActiveCfg = Release|Any CPU
		{425A9693-2196-416C-A5F3-8148592177C9}.Release|Any CPU.Build.0 = Release|Any CPU
		{BEBFD5E3-798A-42BE-8449-1959DF8BEC3F}.Debug|Any CPU.ActiveCfg = Debug|Any CPU
		{BEBFD5E3-798A-42BE-8449-1959DF8BEC3F}.Debug|Any CPU.Build.0 = Debug|Any CPU
		{BEBFD5E3-798A-42BE-8449-1959DF8BEC3F}.Release|Any CPU.ActiveCfg = Release|Any CPU
		{BEBFD5E3-798A-42BE-8449-1959DF8BEC3F}.Release|Any CPU.Build.0 = Release|Any CPU
		{DBD12807-7132-4C36-83A5-22AE1DBCC0F9}.Debug|Any CPU.ActiveCfg = Debug|Any CPU
		{DBD12807-7132-4C36-83A5-22AE1DBCC0F9}.Debug|Any CPU.Build.0 = Debug|Any CPU
		{DBD12807-7132-4C36-83A5-22AE1DBCC0F9}.Release|Any CPU.ActiveCfg = Release|Any CPU
		{DBD12807-7132-4C36-83A5-22AE1DBCC0F9}.Release|Any CPU.Build.0 = Release|Any CPU
		{1279D696-D71C-4C2B-B2D3-83001FB13FA4}.Debug|Any CPU.ActiveCfg = Debug|Any CPU
		{1279D696-D71C-4C2B-B2D3-83001FB13FA4}.Debug|Any CPU.Build.0 = Debug|Any CPU
		{1279D696-D71C-4C2B-B2D3-83001FB13FA4}.Release|Any CPU.ActiveCfg = Release|Any CPU
		{1279D696-D71C-4C2B-B2D3-83001FB13FA4}.Release|Any CPU.Build.0 = Release|Any CPU
		{4710CCE8-97E7-4695-B21A-2C24FC211127}.Debug|Any CPU.ActiveCfg = Debug|Any CPU
		{4710CCE8-97E7-4695-B21A-2C24FC211127}.Debug|Any CPU.Build.0 = Debug|Any CPU
		{4710CCE8-97E7-4695-B21A-2C24FC211127}.Release|Any CPU.ActiveCfg = Release|Any CPU
		{4710CCE8-97E7-4695-B21A-2C24FC211127}.Release|Any CPU.Build.0 = Release|Any CPU
		{15145F6C-29E3-4C12-A7C0-259DF976BDB8}.Debug|Any CPU.ActiveCfg = Debug|Any CPU
		{15145F6C-29E3-4C12-A7C0-259DF976BDB8}.Debug|Any CPU.Build.0 = Debug|Any CPU
		{15145F6C-29E3-4C12-A7C0-259DF976BDB8}.Release|Any CPU.ActiveCfg = Release|Any CPU
		{15145F6C-29E3-4C12-A7C0-259DF976BDB8}.Release|Any CPU.Build.0 = Release|Any CPU
		{5BF1AAFE-ABAC-449D-B49D-3DA715753739}.Debug|Any CPU.ActiveCfg = Debug|Any CPU
		{5BF1AAFE-ABAC-449D-B49D-3DA715753739}.Debug|Any CPU.Build.0 = Debug|Any CPU
		{5BF1AAFE-ABAC-449D-B49D-3DA715753739}.Release|Any CPU.ActiveCfg = Release|Any CPU
		{5BF1AAFE-ABAC-449D-B49D-3DA715753739}.Release|Any CPU.Build.0 = Release|Any CPU
		{0AFEFB72-948D-4E15-A0F2-CECCA9129157}.Debug|Any CPU.ActiveCfg = Debug|Any CPU
		{0AFEFB72-948D-4E15-A0F2-CECCA9129157}.Debug|Any CPU.Build.0 = Debug|Any CPU
		{0AFEFB72-948D-4E15-A0F2-CECCA9129157}.Release|Any CPU.ActiveCfg = Release|Any CPU
		{0AFEFB72-948D-4E15-A0F2-CECCA9129157}.Release|Any CPU.Build.0 = Release|Any CPU
		{7926D97C-8B08-4852-B967-5C656F6C3120}.Debug|Any CPU.ActiveCfg = Debug|Any CPU
		{7926D97C-8B08-4852-B967-5C656F6C3120}.Debug|Any CPU.Build.0 = Debug|Any CPU
		{7926D97C-8B08-4852-B967-5C656F6C3120}.Release|Any CPU.ActiveCfg = Release|Any CPU
		{7926D97C-8B08-4852-B967-5C656F6C3120}.Release|Any CPU.Build.0 = Release|Any CPU
		{D9AA7F04-AA8D-4B80-A1C3-AA25E872D725}.Debug|Any CPU.ActiveCfg = Debug|Any CPU
		{D9AA7F04-AA8D-4B80-A1C3-AA25E872D725}.Debug|Any CPU.Build.0 = Debug|Any CPU
		{D9AA7F04-AA8D-4B80-A1C3-AA25E872D725}.Release|Any CPU.ActiveCfg = Release|Any CPU
		{D9AA7F04-AA8D-4B80-A1C3-AA25E872D725}.Release|Any CPU.Build.0 = Release|Any CPU
		{936216F4-2D39-433E-88F5-5F94EE8298D0}.Debug|Any CPU.ActiveCfg = Debug|Any CPU
		{936216F4-2D39-433E-88F5-5F94EE8298D0}.Debug|Any CPU.Build.0 = Debug|Any CPU
		{936216F4-2D39-433E-88F5-5F94EE8298D0}.Release|Any CPU.ActiveCfg = Release|Any CPU
		{936216F4-2D39-433E-88F5-5F94EE8298D0}.Release|Any CPU.Build.0 = Release|Any CPU
		{F27B7520-3A6A-40FF-A324-1F999D6948C2}.Debug|Any CPU.ActiveCfg = Debug|Any CPU
		{F27B7520-3A6A-40FF-A324-1F999D6948C2}.Debug|Any CPU.Build.0 = Debug|Any CPU
		{F27B7520-3A6A-40FF-A324-1F999D6948C2}.Release|Any CPU.ActiveCfg = Release|Any CPU
		{F27B7520-3A6A-40FF-A324-1F999D6948C2}.Release|Any CPU.Build.0 = Release|Any CPU
		{C580D4D7-57D8-40CF-9698-7CC785F24FE9}.Debug|Any CPU.ActiveCfg = Debug|Any CPU
		{C580D4D7-57D8-40CF-9698-7CC785F24FE9}.Debug|Any CPU.Build.0 = Debug|Any CPU
		{C580D4D7-57D8-40CF-9698-7CC785F24FE9}.Release|Any CPU.ActiveCfg = Release|Any CPU
		{C580D4D7-57D8-40CF-9698-7CC785F24FE9}.Release|Any CPU.Build.0 = Release|Any CPU
		{D37724FD-9A7B-439E-B558-37B2BC54FE01}.Debug|Any CPU.ActiveCfg = Debug|Any CPU
		{D37724FD-9A7B-439E-B558-37B2BC54FE01}.Debug|Any CPU.Build.0 = Debug|Any CPU
		{D37724FD-9A7B-439E-B558-37B2BC54FE01}.Release|Any CPU.ActiveCfg = Release|Any CPU
		{D37724FD-9A7B-439E-B558-37B2BC54FE01}.Release|Any CPU.Build.0 = Release|Any CPU
		{29CDDB42-17F3-44B6-8BC2-FB861A814E12}.Debug|Any CPU.ActiveCfg = Debug|Any CPU
		{29CDDB42-17F3-44B6-8BC2-FB861A814E12}.Debug|Any CPU.Build.0 = Debug|Any CPU
		{29CDDB42-17F3-44B6-8BC2-FB861A814E12}.Release|Any CPU.ActiveCfg = Release|Any CPU
		{29CDDB42-17F3-44B6-8BC2-FB861A814E12}.Release|Any CPU.Build.0 = Release|Any CPU
	EndGlobalSection
	GlobalSection(SolutionProperties) = preSolution
		HideSolutionNode = FALSE
	EndGlobalSection
	GlobalSection(NestedProjects) = preSolution
		{3E987BD1-022C-42F0-8AE1-B61A68BD5CA4} = {3C3AAA37-9A4E-4843-A7B5-27E687462F0E}
		{7147408F-492C-4485-B6E2-B652FC4B7217} = {3C3AAA37-9A4E-4843-A7B5-27E687462F0E}
		{657C3513-3261-454D-ABE4-5B3B567A6647} = {3C3AAA37-9A4E-4843-A7B5-27E687462F0E}
		{425A9693-2196-416C-A5F3-8148592177C9} = {38031EB0-4D25-4478-94B6-A017A4337877}
		{E9A6C823-BAD6-4BA6-9705-74987E521ECE} = {9F063D3B-FC42-4603-96B6-00EEBD3BCD54}
		{BEBFD5E3-798A-42BE-8449-1959DF8BEC3F} = {E9A6C823-BAD6-4BA6-9705-74987E521ECE}
		{486CC260-BAC1-40E8-80AF-4A44980718D7} = {9F063D3B-FC42-4603-96B6-00EEBD3BCD54}
		{DBD12807-7132-4C36-83A5-22AE1DBCC0F9} = {486CC260-BAC1-40E8-80AF-4A44980718D7}
		{1EB2871E-420F-446D-BBD4-61EE0F35C232} = {9F063D3B-FC42-4603-96B6-00EEBD3BCD54}
		{1279D696-D71C-4C2B-B2D3-83001FB13FA4} = {1EB2871E-420F-446D-BBD4-61EE0F35C232}
		{4710CCE8-97E7-4695-B21A-2C24FC211127} = {1EB2871E-420F-446D-BBD4-61EE0F35C232}
		{15145F6C-29E3-4C12-A7C0-259DF976BDB8} = {1EB2871E-420F-446D-BBD4-61EE0F35C232}
		{5BF1AAFE-ABAC-449D-B49D-3DA715753739} = {77633294-8F57-4B67-BB86-71E87BE9D55A}
		{0AFEFB72-948D-4E15-A0F2-CECCA9129157} = {77633294-8F57-4B67-BB86-71E87BE9D55A}
		{7926D97C-8B08-4852-B967-5C656F6C3120} = {77633294-8F57-4B67-BB86-71E87BE9D55A}
		{434110D2-FB7E-4311-9A28-4D47FF3EF43B} = {77633294-8F57-4B67-BB86-71E87BE9D55A}
		{D9AA7F04-AA8D-4B80-A1C3-AA25E872D725} = {434110D2-FB7E-4311-9A28-4D47FF3EF43B}
		{936216F4-2D39-433E-88F5-5F94EE8298D0} = {434110D2-FB7E-4311-9A28-4D47FF3EF43B}
		{81474E24-DEFF-4F57-86A2-1D22206376CC} = {3DE1A11B-EC91-422F-A492-7125317CB939}
		{F27B7520-3A6A-40FF-A324-1F999D6948C2} = {81474E24-DEFF-4F57-86A2-1D22206376CC}
		{F3FCFABB-07F5-44CA-A96E-DD7EC1DED350} = {3DE1A11B-EC91-422F-A492-7125317CB939}
		{C580D4D7-57D8-40CF-9698-7CC785F24FE9} = {F3FCFABB-07F5-44CA-A96E-DD7EC1DED350}
		{49939642-B28E-4A66-93EA-8E42E1EAFC1A} = {3DE1A11B-EC91-422F-A492-7125317CB939}
		{D37724FD-9A7B-439E-B558-37B2BC54FE01} = {49939642-B28E-4A66-93EA-8E42E1EAFC1A}
		{29CDDB42-17F3-44B6-8BC2-FB861A814E12} = {49939642-B28E-4A66-93EA-8E42E1EAFC1A}
	EndGlobalSection
	GlobalSection(ExtensibilityGlobals) = postSolution
		SolutionGuid = {51BF56B0-BC85-4950-B171-D571B8660A38}
	EndGlobalSection
EndGlobal
